<?xml version="1.0" encoding="utf-8"?>
<Project ToolsVersion="14.0" xmlns="http://schemas.microsoft.com/developer/msbuild/2003">
  <ItemGroup>
    <ClCompile Include="..\common\almalloc.c" />
    <ClCompile Include="..\common\atomic.c" />
    <ClCompile Include="..\common\rwlock.c" />
    <ClCompile Include="..\common\threads.c" />
    <ClCompile Include="..\common\uintmap.c" />
  </ItemGroup>
  <ItemGroup>
    <Filter Include="Source Files">
      <UniqueIdentifier>{9A8DF811-CFE5-3C78-9AA4-5A97F98B99A7}</UniqueIdentifier>
    </Filter>
  </ItemGroup>
</Project>